
Microsoft Visual Studio Solution File, Format Version 12.00
# Visual Studio Version 17
VisualStudioVersion = 17.6.33829.357
MinimumVisualStudioVersion = 10.0.40219.1
Project("{8BC9CEB8-8B4A-11D0-8D11-00A0C91BC942}") = "LAB_4", "LAB_4\LAB_4.vcxproj", "{A2EED477-7BD5-4995-9DBB-EF8D37324354}"
EndProject
Global
	GlobalSection(SolutionConfigurationPlatforms) = preSolution
		Debug|x64 = Debug|x64
		Debug|x86 = Debug|x86
		Release|x64 = Release|x64
		Release|x86 = Release|x86
	EndGlobalSection
	GlobalSection(ProjectConfigurationPlatforms) = postSolution
		{A2EED477-7BD5-4995-9DBB-EF8D37324354}.Debug|x64.ActiveCfg = Debug|x64
		{A2EED477-7BD5-4995-9DBB-EF8D37324354}.Debug|x64.Build.0 = Debug|x64
		{A2EED477-7BD5-4995-9DBB-EF8D37324354}.Debug|x86.ActiveCfg = Debug|Win32
		{A2EED477-7BD5-4995-9DBB-EF8D37324354}.Debug|x86.Build.0 = Debug|Win32
		{A2EED477-7BD5-4995-9DBB-EF8D37324354}.Release|x64.ActiveCfg = Release|x64
		{A2EED477-7BD5-4995-9DBB-EF8D37324354}.Release|x64.Build.0 = Release|x64
		{A2EED477-7BD5-4995-9DBB-EF8D37324354}.Release|x86.ActiveCfg = Release|Win32
		{A2EED477-7BD5-4995-9DBB-EF8D37324354}.Release|x86.Build.0 = Release|Win32
	EndGlobalSection
	GlobalSection(SolutionProperties) = preSolution
		HideSolutionNode = FALSE
	EndGlobalSection
	GlobalSection(ExtensibilityGlobals) = postSolution
		SolutionGuid = {55640C64-01F3-438B-8684-59DC19C4BC6E}
	EndGlobalSection
EndGlobal
